
Microsoft Visual Studio Solution File, Format Version 12.00
# Visual Studio Version 16
VisualStudioVersion = 16.0.31729.503
MinimumVisualStudioVersion = 10.0.40219.1
Project("{FAE04EC0-301F-11D3-BF4B-00C04F79EFBC}") = "XMLparser", "XMLparser.csproj", "{090100E3-993D-47F0-88A8-601FDE2A5009}"
EndProject
Global
	GlobalSection(SolutionConfigurationPlatforms) = preSolution
		Debug|Any CPU = Debug|Any CPU
		Release|Any CPU = Release|Any CPU
	EndGlobalSection
	GlobalSection(ProjectConfigurationPlatforms) = postSolution
		{090100E3-993D-47F0-88A8-601FDE2A5009}.Debug|Any CPU.ActiveCfg = Debug|Any CPU
		{090100E3-993D-47F0-88A8-601FDE2A5009}.Debug|Any CPU.Build.0 = Debug|Any CPU
		{090100E3-993D-47F0-88A8-601FDE2A5009}.Release|Any CPU.ActiveCfg = Release|Any CPU
		{090100E3-993D-47F0-88A8-601FDE2A5009}.Release|Any CPU.Build.0 = Release|Any CPU
	EndGlobalSection
	GlobalSection(SolutionProperties) = preSolution
		HideSolutionNode = FALSE
	EndGlobalSection
	GlobalSection(ExtensibilityGlobals) = postSolution
		SolutionGuid = {962D46A1-5E95-47C6-900C-695FA4A1287C}
	EndGlobalSection
EndGlobal
